
Microsoft Visual Studio Solution File, Format Version 12.00
# Visual Studio 15
VisualStudioVersion = 15.0.28010.2003
MinimumVisualStudioVersion = 10.0.40219.1
Project("{FAE04EC0-301F-11D3-BF4B-00C04F79EFBC}") = "SkinClassification", "SkinClassification\SkinClassification.csproj", "{01E6964E-8BDE-48E8-9496-E4DD1C83F896}"
EndProject
Project("{54435603-DBB4-11D2-8724-00A0C9A8B90C}") = "Setup", "Setup\Setup.vdproj", "{78CB8CB3-D98E-4B76-98EF-7FC7E5E06FC5}"
EndProject
Global
	GlobalSection(SolutionConfigurationPlatforms) = preSolution
		Debug|Any CPU = Debug|Any CPU
		Release|Any CPU = Release|Any CPU
	EndGlobalSection
	GlobalSection(ProjectConfigurationPlatforms) = postSolution
		{01E6964E-8BDE-48E8-9496-E4DD1C83F896}.Debug|Any CPU.ActiveCfg = Debug|Any CPU
		{01E6964E-8BDE-48E8-9496-E4DD1C83F896}.Debug|Any CPU.Build.0 = Debug|Any CPU
		{01E6964E-8BDE-48E8-9496-E4DD1C83F896}.Release|Any CPU.ActiveCfg = Release|Any CPU
		{01E6964E-8BDE-48E8-9496-E4DD1C83F896}.Release|Any CPU.Build.0 = Release|Any CPU
		{78CB8CB3-D98E-4B76-98EF-7FC7E5E06FC5}.Debug|Any CPU.ActiveCfg = Debug
		{78CB8CB3-D98E-4B76-98EF-7FC7E5E06FC5}.Release|Any CPU.ActiveCfg = Release
	EndGlobalSection
	GlobalSection(SolutionProperties) = preSolution
		HideSolutionNode = FALSE
	EndGlobalSection
	GlobalSection(ExtensibilityGlobals) = postSolution
		SolutionGuid = {C5DDF8D5-662E-456B-8156-2D8B4869A20D}
	EndGlobalSection
EndGlobal
